
Microsoft Visual Studio Solution File, Format Version 12.00
# Visual Studio Version 17
VisualStudioVersion = 17.0.32014.148
MinimumVisualStudioVersion = 10.0.40219.1
Project("{FAE04EC0-301F-11D3-BF4B-00C04F79EFBC}") = "Exercicios.Domain", "Exercicios.Domain\Exercicios.Domain.csproj", "{08F09580-BB82-48BF-BA58-0703DDA51D72}"
EndProject
Project("{FAE04EC0-301F-11D3-BF4B-00C04F79EFBC}") = "Exercicios.Tests", "Exercicios.Tests\Exercicios.Tests.csproj", "{F4FC4459-C564-4AF7-A23A-753860942588}"
EndProject
Global
	GlobalSection(SolutionConfigurationPlatforms) = preSolution
		Debug|Any CPU = Debug|Any CPU
		Release|Any CPU = Release|Any CPU
	EndGlobalSection
	GlobalSection(ProjectConfigurationPlatforms) = postSolution
		{08F09580-BB82-48BF-BA58-0703DDA51D72}.Debug|Any CPU.ActiveCfg = Debug|Any CPU
		{08F09580-BB82-48BF-BA58-0703DDA51D72}.Debug|Any CPU.Build.0 = Debug|Any CPU
		{08F09580-BB82-48BF-BA58-0703DDA51D72}.Release|Any CPU.ActiveCfg = Release|Any CPU
		{08F09580-BB82-48BF-BA58-0703DDA51D72}.Release|Any CPU.Build.0 = Release|Any CPU
		{F4FC4459-C564-4AF7-A23A-753860942588}.Debug|Any CPU.ActiveCfg = Debug|Any CPU
		{F4FC4459-C564-4AF7-A23A-753860942588}.Debug|Any CPU.Build.0 = Debug|Any CPU
		{F4FC4459-C564-4AF7-A23A-753860942588}.Release|Any CPU.ActiveCfg = Release|Any CPU
		{F4FC4459-C564-4AF7-A23A-753860942588}.Release|Any CPU.Build.0 = Release|Any CPU
	EndGlobalSection
	GlobalSection(SolutionProperties) = preSolution
		HideSolutionNode = FALSE
	EndGlobalSection
	GlobalSection(ExtensibilityGlobals) = postSolution
		SolutionGuid = {0DCFFD4B-930B-4394-A346-5AB26EB40C59}
	EndGlobalSection
EndGlobal
